
Microsoft Visual Studio Solution File, Format Version 12.00
# Visual Studio Version 16
VisualStudioVersion = 16.0.30011.22
MinimumVisualStudioVersion = 10.0.40219.1
Project("{9A19103F-16F7-4668-BE54-9A1E7A4F7556}") = "TimeCardCore", "TimeCardCore\TimeCardCore.csproj", "{36D369B5-DA3E-49A4-B246-0D1F69BF75BD}"
EndProject
Project("{2150E333-8FDC-42A3-9474-1A3956D46DE8}") = "Domain", "Domain", "{8CF7FBAA-66AE-4F6E-B558-1FEC87582EF9}"
EndProject
Project("{2150E333-8FDC-42A3-9474-1A3956D46DE8}") = "Infrastructure", "Infrastructure", "{7099BDC8-580E-429A-B84C-9845CF0D52C3}"
EndProject
Project("{FAE04EC0-301F-11D3-BF4B-00C04F79EFBC}") = "TimeCard.Domain", "TimeCard.Domain\TimeCard.Domain.csproj", "{279BDA4A-31F0-44C2-B889-B371742B2660}"
EndProject
Project("{FAE04EC0-301F-11D3-BF4B-00C04F79EFBC}") = "TimeCard.Repo", "TimeCard.Repo\TimeCard.Repo.csproj", "{ACC9CC8A-3E6D-4F84-A05C-C8B4C50ED574}"
EndProject
Project("{FAE04EC0-301F-11D3-BF4B-00C04F79EFBC}") = "Helpers", "Helpers\Helpers.csproj", "{10107E91-EFDF-46F6-A69B-61038ED5CB57}"
EndProject
Global
	GlobalSection(SolutionConfigurationPlatforms) = preSolution
		Debug|Any CPU = Debug|Any CPU
		Release|Any CPU = Release|Any CPU
	EndGlobalSection
	GlobalSection(ProjectConfigurationPlatforms) = postSolution
		{36D369B5-DA3E-49A4-B246-0D1F69BF75BD}.Debug|Any CPU.ActiveCfg = Debug|Any CPU
		{36D369B5-DA3E-49A4-B246-0D1F69BF75BD}.Debug|Any CPU.Build.0 = Debug|Any CPU
		{36D369B5-DA3E-49A4-B246-0D1F69BF75BD}.Release|Any CPU.ActiveCfg = Release|Any CPU
		{36D369B5-DA3E-49A4-B246-0D1F69BF75BD}.Release|Any CPU.Build.0 = Release|Any CPU
		{279BDA4A-31F0-44C2-B889-B371742B2660}.Debug|Any CPU.ActiveCfg = Debug|Any CPU
		{279BDA4A-31F0-44C2-B889-B371742B2660}.Debug|Any CPU.Build.0 = Debug|Any CPU
		{279BDA4A-31F0-44C2-B889-B371742B2660}.Release|Any CPU.ActiveCfg = Release|Any CPU
		{279BDA4A-31F0-44C2-B889-B371742B2660}.Release|Any CPU.Build.0 = Release|Any CPU
		{ACC9CC8A-3E6D-4F84-A05C-C8B4C50ED574}.Debug|Any CPU.ActiveCfg = Debug|Any CPU
		{ACC9CC8A-3E6D-4F84-A05C-C8B4C50ED574}.Debug|Any CPU.Build.0 = Debug|Any CPU
		{ACC9CC8A-3E6D-4F84-A05C-C8B4C50ED574}.Release|Any CPU.ActiveCfg = Release|Any CPU
		{ACC9CC8A-3E6D-4F84-A05C-C8B4C50ED574}.Release|Any CPU.Build.0 = Release|Any CPU
		{10107E91-EFDF-46F6-A69B-61038ED5CB57}.Debug|Any CPU.ActiveCfg = Debug|Any CPU
		{10107E91-EFDF-46F6-A69B-61038ED5CB57}.Debug|Any CPU.Build.0 = Debug|Any CPU
		{10107E91-EFDF-46F6-A69B-61038ED5CB57}.Release|Any CPU.ActiveCfg = Release|Any CPU
		{10107E91-EFDF-46F6-A69B-61038ED5CB57}.Release|Any CPU.Build.0 = Release|Any CPU
	EndGlobalSection
	GlobalSection(SolutionProperties) = preSolution
		HideSolutionNode = FALSE
	EndGlobalSection
	GlobalSection(NestedProjects) = preSolution
		{279BDA4A-31F0-44C2-B889-B371742B2660} = {8CF7FBAA-66AE-4F6E-B558-1FEC87582EF9}
		{ACC9CC8A-3E6D-4F84-A05C-C8B4C50ED574} = {7099BDC8-580E-429A-B84C-9845CF0D52C3}
		{10107E91-EFDF-46F6-A69B-61038ED5CB57} = {7099BDC8-580E-429A-B84C-9845CF0D52C3}
	EndGlobalSection
	GlobalSection(ExtensibilityGlobals) = postSolution
		SolutionGuid = {86F3F104-A311-4B33-A039-662ECB8231E9}
	EndGlobalSection
EndGlobal
